
Microsoft Visual Studio Solution File, Format Version 12.00
# Visual Studio 2013
VisualStudioVersion = 12.0.31101.0
MinimumVisualStudioVersion = 10.0.40219.1
Project("{CC5FD16D-436D-48AD-A40C-5A424C6E3E79}") = "Porj", "Porj\Porj.ccproj", "{57B2C59B-69D2-423C-ACE0-88FA433CBACD}"
EndProject
Project("{FAE04EC0-301F-11D3-BF4B-00C04F79EFBC}") = "dataHandler", "dataHandler\dataHandler.csproj", "{7EBBEA3A-E63A-4224-BC4B-F17FBD0DDABE}"
EndProject
Project("{FAE04EC0-301F-11D3-BF4B-00C04F79EFBC}") = "WorkerRole1", "WorkerRole1\WorkerRole1.csproj", "{202B812B-6B39-44D1-ABF8-92447AF6ABA6}"
EndProject
Project("{FAE04EC0-301F-11D3-BF4B-00C04F79EFBC}") = "Resizer", "Resizer\Resizer.csproj", "{A9097AD0-BF70-4D39-BE73-4590D0BBD410}"
EndProject
Global
	GlobalSection(SolutionConfigurationPlatforms) = preSolution
		Debug|Any CPU = Debug|Any CPU
		Release|Any CPU = Release|Any CPU
	EndGlobalSection
	GlobalSection(ProjectConfigurationPlatforms) = postSolution
		{57B2C59B-69D2-423C-ACE0-88FA433CBACD}.Debug|Any CPU.ActiveCfg = Debug|Any CPU
		{57B2C59B-69D2-423C-ACE0-88FA433CBACD}.Debug|Any CPU.Build.0 = Debug|Any CPU
		{57B2C59B-69D2-423C-ACE0-88FA433CBACD}.Release|Any CPU.ActiveCfg = Release|Any CPU
		{57B2C59B-69D2-423C-ACE0-88FA433CBACD}.Release|Any CPU.Build.0 = Release|Any CPU
		{7EBBEA3A-E63A-4224-BC4B-F17FBD0DDABE}.Debug|Any CPU.ActiveCfg = Debug|Any CPU
		{7EBBEA3A-E63A-4224-BC4B-F17FBD0DDABE}.Debug|Any CPU.Build.0 = Debug|Any CPU
		{7EBBEA3A-E63A-4224-BC4B-F17FBD0DDABE}.Release|Any CPU.ActiveCfg = Release|Any CPU
		{7EBBEA3A-E63A-4224-BC4B-F17FBD0DDABE}.Release|Any CPU.Build.0 = Release|Any CPU
		{202B812B-6B39-44D1-ABF8-92447AF6ABA6}.Debug|Any CPU.ActiveCfg = Debug|Any CPU
		{202B812B-6B39-44D1-ABF8-92447AF6ABA6}.Debug|Any CPU.Build.0 = Debug|Any CPU
		{202B812B-6B39-44D1-ABF8-92447AF6ABA6}.Release|Any CPU.ActiveCfg = Release|Any CPU
		{202B812B-6B39-44D1-ABF8-92447AF6ABA6}.Release|Any CPU.Build.0 = Release|Any CPU
		{A9097AD0-BF70-4D39-BE73-4590D0BBD410}.Debug|Any CPU.ActiveCfg = Debug|Any CPU
		{A9097AD0-BF70-4D39-BE73-4590D0BBD410}.Debug|Any CPU.Build.0 = Debug|Any CPU
		{A9097AD0-BF70-4D39-BE73-4590D0BBD410}.Release|Any CPU.ActiveCfg = Release|Any CPU
		{A9097AD0-BF70-4D39-BE73-4590D0BBD410}.Release|Any CPU.Build.0 = Release|Any CPU
	EndGlobalSection
	GlobalSection(SolutionProperties) = preSolution
		HideSolutionNode = FALSE
	EndGlobalSection
EndGlobal
